
Microsoft Visual Studio Solution File, Format Version 12.00
# Visual Studio Version 17
VisualStudioVersion = 17.11.35312.102
MinimumVisualStudioVersion = 10.0.40219.1
Project("{FAE04EC0-301F-11D3-BF4B-00C04F79EFBC}") = "PatientSystem.Application", "PatientSystem.Application\PatientSystem.Application.csproj", "{EB4214BD-3FA4-4FD9-A1D9-8D207FF705A0}"
EndProject
Project("{FAE04EC0-301F-11D3-BF4B-00C04F79EFBC}") = "PatientSystem.Domain", "PatientSystem.Domain\PatientSystem.Domain.csproj", "{7422719F-7E41-4AEA-81F7-1A7D7A369A6F}"
EndProject
Project("{FAE04EC0-301F-11D3-BF4B-00C04F79EFBC}") = "PatientSystem.Infrastructure", "PatientSystem.Infrastructure\PatientSystem.Infrastructure.csproj", "{F3F6A3E7-F045-4AD2-A573-EE3C5F3AF5C0}"
EndProject
Project("{FAE04EC0-301F-11D3-BF4B-00C04F79EFBC}") = "PatientSystem.WebApi", "PatientSystem.WebApi\PatientSystem.WebApi.csproj", "{D626AE21-2803-422E-A178-9080BA901D63}"
EndProject
Global
	GlobalSection(SolutionConfigurationPlatforms) = preSolution
		Debug|Any CPU = Debug|Any CPU
		Debug|x64 = Debug|x64
		Debug|x86 = Debug|x86
		Release|Any CPU = Release|Any CPU
		Release|x64 = Release|x64
		Release|x86 = Release|x86
	EndGlobalSection
	GlobalSection(ProjectConfigurationPlatforms) = postSolution
		{EB4214BD-3FA4-4FD9-A1D9-8D207FF705A0}.Debug|Any CPU.ActiveCfg = Debug|Any CPU
		{EB4214BD-3FA4-4FD9-A1D9-8D207FF705A0}.Debug|Any CPU.Build.0 = Debug|Any CPU
		{EB4214BD-3FA4-4FD9-A1D9-8D207FF705A0}.Debug|x64.ActiveCfg = Debug|Any CPU
		{EB4214BD-3FA4-4FD9-A1D9-8D207FF705A0}.Debug|x64.Build.0 = Debug|Any CPU
		{EB4214BD-3FA4-4FD9-A1D9-8D207FF705A0}.Debug|x86.ActiveCfg = Debug|Any CPU
		{EB4214BD-3FA4-4FD9-A1D9-8D207FF705A0}.Debug|x86.Build.0 = Debug|Any CPU
		{EB4214BD-3FA4-4FD9-A1D9-8D207FF705A0}.Release|Any CPU.ActiveCfg = Release|Any CPU
		{EB4214BD-3FA4-4FD9-A1D9-8D207FF705A0}.Release|Any CPU.Build.0 = Release|Any CPU
		{EB4214BD-3FA4-4FD9-A1D9-8D207FF705A0}.Release|x64.ActiveCfg = Release|Any CPU
		{EB4214BD-3FA4-4FD9-A1D9-8D207FF705A0}.Release|x64.Build.0 = Release|Any CPU
		{EB4214BD-3FA4-4FD9-A1D9-8D207FF705A0}.Release|x86.ActiveCfg = Release|Any CPU
		{EB4214BD-3FA4-4FD9-A1D9-8D207FF705A0}.Release|x86.Build.0 = Release|Any CPU
		{7422719F-7E41-4AEA-81F7-1A7D7A369A6F}.Debug|Any CPU.ActiveCfg = Debug|Any CPU
		{7422719F-7E41-4AEA-81F7-1A7D7A369A6F}.Debug|Any CPU.Build.0 = Debug|Any CPU
		{7422719F-7E41-4AEA-81F7-1A7D7A369A6F}.Debug|x64.ActiveCfg = Debug|Any CPU
		{7422719F-7E41-4AEA-81F7-1A7D7A369A6F}.Debug|x64.Build.0 = Debug|Any CPU
		{7422719F-7E41-4AEA-81F7-1A7D7A369A6F}.Debug|x86.ActiveCfg = Debug|Any CPU
		{7422719F-7E41-4AEA-81F7-1A7D7A369A6F}.Debug|x86.Build.0 = Debug|Any CPU
		{7422719F-7E41-4AEA-81F7-1A7D7A369A6F}.Release|Any CPU.ActiveCfg = Release|Any CPU
		{7422719F-7E41-4AEA-81F7-1A7D7A369A6F}.Release|Any CPU.Build.0 = Release|Any CPU
		{7422719F-7E41-4AEA-81F7-1A7D7A369A6F}.Release|x64.ActiveCfg = Release|Any CPU
		{7422719F-7E41-4AEA-81F7-1A7D7A369A6F}.Release|x64.Build.0 = Release|Any CPU
		{7422719F-7E41-4AEA-81F7-1A7D7A369A6F}.Release|x86.ActiveCfg = Release|Any CPU
		{7422719F-7E41-4AEA-81F7-1A7D7A369A6F}.Release|x86.Build.0 = Release|Any CPU
		{F3F6A3E7-F045-4AD2-A573-EE3C5F3AF5C0}.Debug|Any CPU.ActiveCfg = Debug|Any CPU
		{F3F6A3E7-F045-4AD2-A573-EE3C5F3AF5C0}.Debug|Any CPU.Build.0 = Debug|Any CPU
		{F3F6A3E7-F045-4AD2-A573-EE3C5F3AF5C0}.Debug|x64.ActiveCfg = Debug|Any CPU
		{F3F6A3E7-F045-4AD2-A573-EE3C5F3AF5C0}.Debug|x64.Build.0 = Debug|Any CPU
		{F3F6A3E7-F045-4AD2-A573-EE3C5F3AF5C0}.Debug|x86.ActiveCfg = Debug|Any CPU
		{F3F6A3E7-F045-4AD2-A573-EE3C5F3AF5C0}.Debug|x86.Build.0 = Debug|Any CPU
		{F3F6A3E7-F045-4AD2-A573-EE3C5F3AF5C0}.Release|Any CPU.ActiveCfg = Release|Any CPU
		{F3F6A3E7-F045-4AD2-A573-EE3C5F3AF5C0}.Release|Any CPU.Build.0 = Release|Any CPU
		{F3F6A3E7-F045-4AD2-A573-EE3C5F3AF5C0}.Release|x64.ActiveCfg = Release|Any CPU
		{F3F6A3E7-F045-4AD2-A573-EE3C5F3AF5C0}.Release|x64.Build.0 = Release|Any CPU
		{F3F6A3E7-F045-4AD2-A573-EE3C5F3AF5C0}.Release|x86.ActiveCfg = Release|Any CPU
		{F3F6A3E7-F045-4AD2-A573-EE3C5F3AF5C0}.Release|x86.Build.0 = Release|Any CPU
		{D626AE21-2803-422E-A178-9080BA901D63}.Debug|Any CPU.ActiveCfg = Debug|Any CPU
		{D626AE21-2803-422E-A178-9080BA901D63}.Debug|Any CPU.Build.0 = Debug|Any CPU
		{D626AE21-2803-422E-A178-9080BA901D63}.Debug|x64.ActiveCfg = Debug|Any CPU
		{D626AE21-2803-422E-A178-9080BA901D63}.Debug|x64.Build.0 = Debug|Any CPU
		{D626AE21-2803-422E-A178-9080BA901D63}.Debug|x86.ActiveCfg = Debug|Any CPU
		{D626AE21-2803-422E-A178-9080BA901D63}.Debug|x86.Build.0 = Debug|Any CPU
		{D626AE21-2803-422E-A178-9080BA901D63}.Release|Any CPU.ActiveCfg = Release|Any CPU
		{D626AE21-2803-422E-A178-9080BA901D63}.Release|Any CPU.Build.0 = Release|Any CPU
		{D626AE21-2803-422E-A178-9080BA901D63}.Release|x64.ActiveCfg = Release|Any CPU
		{D626AE21-2803-422E-A178-9080BA901D63}.Release|x64.Build.0 = Release|Any CPU
		{D626AE21-2803-422E-A178-9080BA901D63}.Release|x86.ActiveCfg = Release|Any CPU
		{D626AE21-2803-422E-A178-9080BA901D63}.Release|x86.Build.0 = Release|Any CPU
	EndGlobalSection
	GlobalSection(SolutionProperties) = preSolution
		HideSolutionNode = FALSE
	EndGlobalSection
	GlobalSection(ExtensibilityGlobals) = postSolution
		SolutionGuid = {C2A4AA6B-BCE3-4917-A92F-9E0B7FE6D4A7}
	EndGlobalSection
EndGlobal
